// !$*UTF8*$!
{
	archiveVersion = 1;
	classes = {
	};
	objectVersion = 55;
	objects = {

/* Begin PBXBuildFile section */
		F81BF5E0276A4644005FB0CB /* WordReferenceAppApp.swift in Sources */ = {isa = PBXBuildFile; fileRef = F81BF5DF276A4644005FB0CB /* WordReferenceAppApp.swift */; };
		F81BF5E4276A4646005FB0CB /* Assets.xcassets in Resources */ = {isa = PBXBuildFile; fileRef = F81BF5E3276A4646005FB0CB /* Assets.xcassets */; };
		F81BF5E7276A4646005FB0CB /* Preview Assets.xcassets in Resources */ = {isa = PBXBuildFile; fileRef = F81BF5E6276A4646005FB0CB /* Preview Assets.xcassets */; };
		F81BF5F1276A4646005FB0CB /* WordReferenceAppTests.swift in Sources */ = {isa = PBXBuildFile; fileRef = F81BF5F0276A4646005FB0CB /* WordReferenceAppTests.swift */; };
		F81BF5FB276A4646005FB0CB /* WordReferenceAppUITests.swift in Sources */ = {isa = PBXBuildFile; fileRef = F81BF5FA276A4646005FB0CB /* WordReferenceAppUITests.swift */; };
		F81BF5FD276A4646005FB0CB /* WordReferenceAppUITestsLaunchTests.swift in Sources */ = {isa = PBXBuildFile; fileRef = F81BF5FC276A4646005FB0CB /* WordReferenceAppUITestsLaunchTests.swift */; };
		F81BF60A276A4677005FB0CB /* TabBarView.swift in Sources */ = {isa = PBXBuildFile; fileRef = F81BF609276A4677005FB0CB /* TabBarView.swift */; };
		F81BF60C276A46A0005FB0CB /* DictionaryView.swift in Sources */ = {isa = PBXBuildFile; fileRef = F81BF60B276A46A0005FB0CB /* DictionaryView.swift */; };
		F81BF60E276A46C7005FB0CB /* FavouritesView.swift in Sources */ = {isa = PBXBuildFile; fileRef = F81BF60D276A46C7005FB0CB /* FavouritesView.swift */; };
		F81BF610276A46E5005FB0CB /* SearchExampleView.swift in Sources */ = {isa = PBXBuildFile; fileRef = F81BF60F276A46E5005FB0CB /* SearchExampleView.swift */; };
		F81BF612276A4712005FB0CB /* LanguageListView.swift in Sources */ = {isa = PBXBuildFile; fileRef = F81BF611276A4712005FB0CB /* LanguageListView.swift */; };
		F81BF614276A472E005FB0CB /* SelectionRow.swift in Sources */ = {isa = PBXBuildFile; fileRef = F81BF613276A472E005FB0CB /* SelectionRow.swift */; };
		F81BF616276A52C1005FB0CB /* ExampleTryView.swift in Sources */ = {isa = PBXBuildFile; fileRef = F81BF615276A52C1005FB0CB /* ExampleTryView.swift */; };
/* End PBXBuildFile section */

/* Begin PBXContainerItemProxy section */
		F81BF5ED276A4646005FB0CB /* PBXContainerItemProxy */ = {
			isa = PBXContainerItemProxy;
			containerPortal = F81BF5D4276A4643005FB0CB /* Project object */;
			proxyType = 1;
			remoteGlobalIDString = F81BF5DB276A4643005FB0CB;
			remoteInfo = WordReferenceApp;
		};
		F81BF5F7276A4646005FB0CB /* PBXContainerItemProxy */ = {
			isa = PBXContainerItemProxy;
			containerPortal = F81BF5D4276A4643005FB0CB /* Project object */;
			proxyType = 1;
			remoteGlobalIDString = F81BF5DB276A4643005FB0CB;
			remoteInfo = WordReferenceApp;
		};
/* End PBXContainerItemProxy section */

/* Begin PBXFileReference section */
		F81BF5DC276A4644005FB0CB /* WordReferenceApp.app */ = {isa = PBXFileReference; explicitFileType = wrapper.application; includeInIndex = 0; path = WordReferenceApp.app; sourceTree = BUILT_PRODUCTS_DIR; };
		F81BF5DF276A4644005FB0CB /* WordReferenceAppApp.swift */ = {isa = PBXFileReference; lastKnownFileType = sourcecode.swift; path = WordReferenceAppApp.swift; sourceTree = "<group>"; };
		F81BF5E3276A4646005FB0CB /* Assets.xcassets */ = {isa = PBXFileReference; lastKnownFileType = folder.assetcatalog; path = Assets.xcassets; sourceTree = "<group>"; };
		F81BF5E6276A4646005FB0CB /* Preview Assets.xcassets */ = {isa = PBXFileReference; lastKnownFileType = folder.assetcatalog; path = "Preview Assets.xcassets"; sourceTree = "<group>"; };
		F81BF5EC276A4646005FB0CB /* WordReferenceAppTests.xctest */ = {isa = PBXFileReference; explicitFileType = wrapper.cfbundle; includeInIndex = 0; path = WordReferenceAppTests.xctest; sourceTree = BUILT_PRODUCTS_DIR; };
		F81BF5F0276A4646005FB0CB /* WordReferenceAppTests.swift */ = {isa = PBXFileReference; lastKnownFileType = sourcecode.swift; path = WordReferenceAppTests.swift; sourceTree = "<group>"; };
		F81BF5F6276A4646005FB0CB /* WordReferenceAppUITests.xctest */ = {isa = PBXFileReference; explicitFileType = wrapper.cfbundle; includeInIndex = 0; path = WordReferenceAppUITests.xctest; sourceTree = BUILT_PRODUCTS_DIR; };
		F81BF5FA276A4646005FB0CB /* WordReferenceAppUITests.swift */ = {isa = PBXFileReference; lastKnownFileType = sourcecode.swift; path = WordReferenceAppUITests.swift; sourceTree = "<group>"; };
		F81BF5FC276A4646005FB0CB /* WordReferenceAppUITestsLaunchTests.swift */ = {isa = PBXFileReference; lastKnownFileType = sourcecode.swift; path = WordReferenceAppUITestsLaunchTests.swift; sourceTree = "<group>"; };
		F81BF609276A4677005FB0CB /* TabBarView.swift */ = {isa = PBXFileReference; lastKnownFileType = sourcecode.swift; path = TabBarView.swift; sourceTree = "<group>"; };
		F81BF60B276A46A0005FB0CB /* DictionaryView.swift */ = {isa = PBXFileReference; lastKnownFileType = sourcecode.swift; path = DictionaryView.swift; sourceTree = "<group>"; };
		F81BF60D276A46C7005FB0CB /* FavouritesView.swift */ = {isa = PBXFileReference; lastKnownFileType = sourcecode.swift; path = FavouritesView.swift; sourceTree = "<group>"; };
		F81BF60F276A46E5005FB0CB /* SearchExampleView.swift */ = {isa = PBXFileReference; lastKnownFileType = sourcecode.swift; path = SearchExampleView.swift; sourceTree = "<group>"; };
		F81BF611276A4712005FB0CB /* LanguageListView.swift */ = {isa = PBXFileReference; lastKnownFileType = sourcecode.swift; path = LanguageListView.swift; sourceTree = "<group>"; };
		F81BF613276A472E005FB0CB /* SelectionRow.swift */ = {isa = PBXFileReference; lastKnownFileType = sourcecode.swift; path = SelectionRow.swift; sourceTree = "<group>"; };
		F81BF615276A52C1005FB0CB /* ExampleTryView.swift */ = {isa = PBXFileReference; lastKnownFileType = sourcecode.swift; path = ExampleTryView.swift; sourceTree = "<group>"; };
/* End PBXFileReference section */

/* Begin PBXFrameworksBuildPhase section */
		F81BF5D9276A4643005FB0CB /* Frameworks */ = {
			isa = PBXFrameworksBuildPhase;
			buildActionMask = 2147483647;
			files = (
			);
			runOnlyForDeploymentPostprocessing = 0;
		};
		F81BF5E9276A4646005FB0CB /* Frameworks */ = {
			isa = PBXFrameworksBuildPhase;
			buildActionMask = 2147483647;
			files = (
			);
			runOnlyForDeploymentPostprocessing = 0;
		};
		F81BF5F3276A4646005FB0CB /* Frameworks */ = {
			isa = PBXFrameworksBuildPhase;
			buildActionMask = 2147483647;
			files = (
			);
			runOnlyForDeploymentPostprocessing = 0;
		};
/* End PBXFrameworksBuildPhase section */

/* Begin PBXGroup section */
		F81BF5D3276A4643005FB0CB = {
			isa = PBXGroup;
			children = (
				F81BF5DE276A4644005FB0CB /* WordReferenceApp */,
				F81BF5EF276A4646005FB0CB /* WordReferenceAppTests */,
				F81BF5F9276A4646005FB0CB /* WordReferenceAppUITests */,
				F81BF5DD276A4644005FB0CB /* Products */,
			);
			sourceTree = "<group>";
		};
		F81BF5DD276A4644005FB0CB /* Products */ = {
			isa = PBXGroup;
			children = (
				F81BF5DC276A4644005FB0CB /* WordReferenceApp.app */,
				F81BF5EC276A4646005FB0CB /* WordReferenceAppTests.xctest */,
				F81BF5F6276A4646005FB0CB /* WordReferenceAppUITests.xctest */,
			);
			name = Products;
			sourceTree = "<group>";
		};
		F81BF5DE276A4644005FB0CB /* WordReferenceApp */ = {
			isa = PBXGroup;
			children = (
				F81BF5DF276A4644005FB0CB /* WordReferenceAppApp.swift */,
				F81BF609276A4677005FB0CB /* TabBarView.swift */,
				F81BF60B276A46A0005FB0CB /* DictionaryView.swift */,
				F81BF60D276A46C7005FB0CB /* FavouritesView.swift */,
				F81BF60F276A46E5005FB0CB /* SearchExampleView.swift */,
				F81BF615276A52C1005FB0CB /* ExampleTryView.swift */,
				F81BF611276A4712005FB0CB /* LanguageListView.swift */,
				F81BF613276A472E005FB0CB /* SelectionRow.swift */,
				F81BF5E3276A4646005FB0CB /* Assets.xcassets */,
				F81BF5E5276A4646005FB0CB /* Preview Content */,
			);
			path = WordReferenceApp;
			sourceTree = "<group>";
		};
		F81BF5E5276A4646005FB0CB /* Preview Content */ = {
			isa = PBXGroup;
			children = (
				F81BF5E6276A4646005FB0CB /* Preview Assets.xcassets */,
			);
			path = "Preview Content";
			sourceTree = "<group>";
		};
		F81BF5EF276A4646005FB0CB /* WordReferenceAppTests */ = {
			isa = PBXGroup;
			children = (
				F81BF5F0276A4646005FB0CB /* WordReferenceAppTests.swift */,
			);
			path = WordReferenceAppTests;
			sourceTree = "<group>";
		};
		F81BF5F9276A4646005FB0CB /* WordReferenceAppUITests */ = {
			isa = PBXGroup;
			children = (
				F81BF5FA276A4646005FB0CB /* WordReferenceAppUITests.swift */,
				F81BF5FC276A4646005FB0CB /* WordReferenceAppUITestsLaunchTests.swift */,
			);
			path = WordReferenceAppUITests;
			sourceTree = "<group>";
		};
/* End PBXGroup section */

/* Begin PBXNativeTarget section */
		F81BF5DB276A4643005FB0CB /* WordReferenceApp */ = {
			isa = PBXNativeTarget;
			buildConfigurationList = F81BF600276A4646005FB0CB /* Build configuration list for PBXNativeTarget "WordReferenceApp" */;
			buildPhases = (
				F81BF5D8276A4643005FB0CB /* Sources */,
				F81BF5D9276A4643005FB0CB /* Frameworks */,
				F81BF5DA276A4643005FB0CB /* Resources */,
			);
			buildRules = (
			);
			dependencies = (
			);
			name = WordReferenceApp;
			productName = WordReferenceApp;
			productReference = F81BF5DC276A4644005FB0CB /* WordReferenceApp.app */;
			productType = "com.apple.product-type.application";
		};
		F81BF5EB276A4646005FB0CB /* WordReferenceAppTests */ = {
			isa = PBXNativeTarget;
			buildConfigurationList = F81BF603276A4646005FB0CB /* Build configuration list for PBXNativeTarget "WordReferenceAppTests" */;
			buildPhases = (
				F81BF5E8276A4646005FB0CB /* Sources */,
				F81BF5E9276A4646005FB0CB /* Frameworks */,
				F81BF5EA276A4646005FB0CB /* Resources */,
			);
			buildRules = (
			);
			dependencies = (
				F81BF5EE276A4646005FB0CB /* PBXTargetDependency */,
			);
			name = WordReferenceAppTests;
			productName = WordReferenceAppTests;
			productReference = F81BF5EC276A4646005FB0CB /* WordReferenceAppTests.xctest */;
			productType = "com.apple.product-type.bundle.unit-test";
		};
		F81BF5F5276A4646005FB0CB /* WordReferenceAppUITests */ = {
			isa = PBXNativeTarget;
			buildConfigurationList = F81BF606276A4646005FB0CB /* Build configuration list for PBXNativeTarget "WordReferenceAppUITests" */;
			buildPhases = (
				F81BF5F2276A4646005FB0CB /* Sources */,
				F81BF5F3276A4646005FB0CB /* Frameworks */,
				F81BF5F4276A4646005FB0CB /* Resources */,
			);
			buildRules = (
			);
			dependencies = (
				F81BF5F8276A4646005FB0CB /* PBXTargetDependency */,
			);
			name = WordReferenceAppUITests;
			productName = WordReferenceAppUITests;
			productReference = F81BF5F6276A4646005FB0CB /* WordReferenceAppUITests.xctest */;
			productType = "com.apple.product-type.bundle.ui-testing";
		};
/* End PBXNativeTarget section */

/* Begin PBXProject section */
		F81BF5D4276A4643005FB0CB /* Project object */ = {
			isa = PBXProject;
			attributes = {
				BuildIndependentTargetsInParallel = 1;
				LastSwiftUpdateCheck = 1310;
				LastUpgradeCheck = 1310;
				TargetAttributes = {
					F81BF5DB276A4643005FB0CB = {
						CreatedOnToolsVersion = 13.1;
					};
					F81BF5EB276A4646005FB0CB = {
						CreatedOnToolsVersion = 13.1;
						TestTargetID = F81BF5DB276A4643005FB0CB;
					};
					F81BF5F5276A4646005FB0CB = {
						CreatedOnToolsVersion = 13.1;
						TestTargetID = F81BF5DB276A4643005FB0CB;
					};
				};
			};
			buildConfigurationList = F81BF5D7276A4643005FB0CB /* Build configuration list for PBXProject "WordReferenceApp" */;
			compatibilityVersion = "Xcode 13.0";
			developmentRegion = en;
			hasScannedForEncodings = 0;
			knownRegions = (
				en,
				Base,
			);
			mainGroup = F81BF5D3276A4643005FB0CB;
			productRefGroup = F81BF5DD276A4644005FB0CB /* Products */;
			projectDirPath = "";
			projectRoot = "";
			targets = (
				F81BF5DB276A4643005FB0CB /* WordReferenceApp */,
				F81BF5EB276A4646005FB0CB /* WordReferenceAppTests */,
				F81BF5F5276A4646005FB0CB /* WordReferenceAppUITests */,
			);
		};
/* End PBXProject section */

/* Begin PBXResourcesBuildPhase section */
		F81BF5DA276A4643005FB0CB /* Resources */ = {
			isa = PBXResourcesBuildPhase;
			buildActionMask = 2147483647;
			files = (
				F81BF5E7276A4646005FB0CB /* Preview Assets.xcassets in Resources */,
				F81BF5E4276A4646005FB0CB /* Assets.xcassets in Resources */,
			);
			runOnlyForDeploymentPostprocessing = 0;
		};
		F81BF5EA276A4646005FB0CB /* Resources */ = {
			isa = PBXResourcesBuildPhase;
			buildActionMask = 2147483647;
			files = (
			);
			runOnlyForDeploymentPostprocessing = 0;
		};
		F81BF5F4276A4646005FB0CB /* Resources */ = {
			isa = PBXResourcesBuildPhase;
			buildActionMask = 2147483647;
			files = (
			);
			runOnlyForDeploymentPostprocessing = 0;
		};
/* End PBXResourcesBuildPhase section */

/* Begin PBXSourcesBuildPhase section */
		F81BF5D8276A4643005FB0CB /* Sources */ = {
			isa = PBXSourcesBuildPhase;
			buildActionMask = 2147483647;
			files = (
				F81BF60A276A4677005FB0CB /* TabBarView.swift in Sources */,
				F81BF614276A472E005FB0CB /* SelectionRow.swift in Sources */,
				F81BF60C276A46A0005FB0CB /* DictionaryView.swift in Sources */,
				F81BF612276A4712005FB0CB /* LanguageListView.swift in Sources */,
				F81BF60E276A46C7005FB0CB /* FavouritesView.swift in Sources */,
				F81BF616276A52C1005FB0CB /* ExampleTryView.swift in Sources */,
				F81BF5E0276A4644005FB0CB /* WordReferenceAppApp.swift in Sources */,
				F81BF610276A46E5005FB0CB /* SearchExampleView.swift in Sources */,
			);
			runOnlyForDeploymentPostprocessing = 0;
		};
		F81BF5E8276A4646005FB0CB /* Sources */ = {
			isa = PBXSourcesBuildPhase;
			buildActionMask = 2147483647;
			files = (
				F81BF5F1276A4646005FB0CB /* WordReferenceAppTests.swift in Sources */,
			);
			runOnlyForDeploymentPostprocessing = 0;
		};
		F81BF5F2276A4646005FB0CB /* Sources */ = {
			isa = PBXSourcesBuildPhase;
			buildActionMask = 2147483647;
			files = (
				F81BF5FD276A4646005FB0CB /* WordReferenceAppUITestsLaunchTests.swift in Sources */,
				F81BF5FB276A4646005FB0CB /* WordReferenceAppUITests.swift in Sources */,
			);
			runOnlyForDeploymentPostprocessing = 0;
		};
/* End PBXSourcesBuildPhase section */

/* Begin PBXTargetDependency section */
		F81BF5EE276A4646005FB0CB /* PBXTargetDependency */ = {
			isa = PBXTargetDependency;
			target = F81BF5DB276A4643005FB0CB /* WordReferenceApp */;
			targetProxy = F81BF5ED276A4646005FB0CB /* PBXContainerItemProxy */;
		};
		F81BF5F8276A4646005FB0CB /* PBXTargetDependency */ = {
			isa = PBXTargetDependency;
			target = F81BF5DB276A4643005FB0CB /* WordReferenceApp */;
			targetProxy = F81BF5F7276A4646005FB0CB /* PBXContainerItemProxy */;
		};
/* End PBXTargetDependency section */

/* Begin XCBuildConfiguration section */
		F81BF5FE276A4646005FB0CB /* Debug */ = {
			isa = XCBuildConfiguration;
			buildSettings = {
				ALWAYS_SEARCH_USER_PATHS = NO;
				CLANG_ANALYZER_NONNULL = YES;
				CLANG_ANALYZER_NUMBER_OBJECT_CONVERSION = YES_AGGRESSIVE;
				CLANG_CXX_LANGUAGE_STANDARD = "gnu++17";
				CLANG_CXX_LIBRARY = "libc++";
				CLANG_ENABLE_MODULES = YES;
				CLANG_ENABLE_OBJC_ARC = YES;
				CLANG_ENABLE_OBJC_WEAK = YES;
				CLANG_WARN_BLOCK_CAPTURE_AUTORELEASING = YES;
				CLANG_WARN_BOOL_CONVERSION = YES;
				CLANG_WARN_COMMA = YES;
				CLANG_WARN_CONSTANT_CONVERSION = YES;
				CLANG_WARN_DEPRECATED_OBJC_IMPLEMENTATIONS = YES;
				CLANG_WARN_DIRECT_OBJC_ISA_USAGE = YES_ERROR;
				CLANG_WARN_DOCUMENTATION_COMMENTS = YES;
				CLANG_WARN_EMPTY_BODY = YES;
				CLANG_WARN_ENUM_CONVERSION = YES;
				CLANG_WARN_INFINITE_RECURSION = YES;
				CLANG_WARN_INT_CONVERSION = YES;
				CLANG_WARN_NON_LITERAL_NULL_CONVERSION = YES;
				CLANG_WARN_OBJC_IMPLICIT_RETAIN_SELF = YES;
				CLANG_WARN_OBJC_LITERAL_CONVERSION = YES;
				CLANG_WARN_OBJC_ROOT_CLASS = YES_ERROR;
				CLANG_WARN_QUOTED_INCLUDE_IN_FRAMEWORK_HEADER = YES;
				CLANG_WARN_RANGE_LOOP_ANALYSIS = YES;
				CLANG_WARN_STRICT_PROTOTYPES = YES;
				CLANG_WARN_SUSPICIOUS_MOVE = YES;
				CLANG_WARN_UNGUARDED_AVAILABILITY = YES_AGGRESSIVE;
				CLANG_WARN_UNREACHABLE_CODE = YES;
				CLANG_WARN__DUPLICATE_METHOD_MATCH = YES;
				COPY_PHASE_STRIP = NO;
				DEBUG_INFORMATION_FORMAT = dwarf;
				ENABLE_STRICT_OBJC_MSGSEND = YES;
				ENABLE_TESTABILITY = YES;
				GCC_C_LANGUAGE_STANDARD = gnu11;
				GCC_DYNAMIC_NO_PIC = NO;
				GCC_NO_COMMON_BLOCKS = YES;
				GCC_OPTIMIZATION_LEVEL = 0;
				GCC_PREPROCESSOR_DEFINITIONS = (
					"DEBUG=1",
					"$(inherited)",
				);
				GCC_WARN_64_TO_32_BIT_CONVERSION = YES;
				GCC_WARN_ABOUT_RETURN_TYPE = YES_ERROR;
				GCC_WARN_UNDECLARED_SELECTOR = YES;
				GCC_WARN_UNINITIALIZED_AUTOS = YES_AGGRESSIVE;
				GCC_WARN_UNUSED_FUNCTION = YES;
				GCC_WARN_UNUSED_VARIABLE = YES;
				IPHONEOS_DEPLOYMENT_TARGET = 15.0;
				MTL_ENABLE_DEBUG_INFO = INCLUDE_SOURCE;
				MTL_FAST_MATH = YES;
				ONLY_ACTIVE_ARCH = YES;
				SDKROOT = iphoneos;
				SWIFT_ACTIVE_COMPILATION_CONDITIONS = DEBUG;
				SWIFT_OPTIMIZATION_LEVEL = "-Onone";
			};
			name = Debug;
		};
		F81BF5FF276A4646005FB0CB /* Release */ = {
			isa = XCBuildConfiguration;
			buildSettings = {
				ALWAYS_SEARCH_USER_PATHS = NO;
				CLANG_ANALYZER_NONNULL = YES;
				CLANG_ANALYZER_NUMBER_OBJECT_CONVERSION = YES_AGGRESSIVE;
				CLANG_CXX_LANGUAGE_STANDARD = "gnu++17";
				CLANG_CXX_LIBRARY = "libc++";
				CLANG_ENABLE_MODULES = YES;
				CLANG_ENABLE_OBJC_ARC = YES;
				CLANG_ENABLE_OBJC_WEAK = YES;
				CLANG_WARN_BLOCK_CAPTURE_AUTORELEASING = YES;
				CLANG_WARN_BOOL_CONVERSION = YES;
				CLANG_WARN_COMMA = YES;
				CLANG_WARN_CONSTANT_CONVERSION = YES;
				CLANG_WARN_DEPRECATED_OBJC_IMPLEMENTATIONS = YES;
				CLANG_WARN_DIRECT_OBJC_ISA_USAGE = YES_ERROR;
				CLANG_WARN_DOCUMENTATION_COMMENTS = YES;
				CLANG_WARN_EMPTY_BODY = YES;
				CLANG_WARN_ENUM_CONVERSION = YES;
				CLANG_WARN_INFINITE_RECURSION = YES;
				CLANG_WARN_INT_CONVERSION = YES;
				CLANG_WARN_NON_LITERAL_NULL_CONVERSION = YES;
				CLANG_WARN_OBJC_IMPLICIT_RETAIN_SELF = YES;
				CLANG_WARN_OBJC_LITERAL_CONVERSION = YES;
				CLANG_WARN_OBJC_ROOT_CLASS = YES_ERROR;
				CLANG_WARN_QUOTED_INCLUDE_IN_FRAMEWORK_HEADER = YES;
				CLANG_WARN_RANGE_LOOP_ANALYSIS = YES;
				CLANG_WARN_STRICT_PROTOTYPES = YES;
				CLANG_WARN_SUSPICIOUS_MOVE = YES;
				CLANG_WARN_UNGUARDED_AVAILABILITY = YES_AGGRESSIVE;
				CLANG_WARN_UNREACHABLE_CODE = YES;
				CLANG_WARN__DUPLICATE_METHOD_MATCH = YES;
				COPY_PHASE_STRIP = NO;
				DEBUG_INFORMATION_FORMAT = "dwarf-with-dsym";
				ENABLE_NS_ASSERTIONS = NO;
				ENABLE_STRICT_OBJC_MSGSEND = YES;
				GCC_C_LANGUAGE_STANDARD = gnu11;
				GCC_NO_COMMON_BLOCKS = YES;
				GCC_WARN_64_TO_32_BIT_CONVERSION = YES;
				GCC_WARN_ABOUT_RETURN_TYPE = YES_ERROR;
				GCC_WARN_UNDECLARED_SELECTOR = YES;
				GCC_WARN_UNINITIALIZED_AUTOS = YES_AGGRESSIVE;
				GCC_WARN_UNUSED_FUNCTION = YES;
				GCC_WARN_UNUSED_VARIABLE = YES;
				IPHONEOS_DEPLOYMENT_TARGET = 15.0;
				MTL_ENABLE_DEBUG_INFO = NO;
				MTL_FAST_MATH = YES;
				SDKROOT = iphoneos;
				SWIFT_COMPILATION_MODE = wholemodule;
				SWIFT_OPTIMIZATION_LEVEL = "-O";
				VALIDATE_PRODUCT = YES;
			};
			name = Release;
		};
		F81BF601276A4646005FB0CB /* Debug */ = {
			isa = XCBuildConfiguration;
			buildSettings = {
				ASSETCATALOG_COMPILER_APPICON_NAME = AppIcon;
				ASSETCATALOG_COMPILER_GLOBAL_ACCENT_COLOR_NAME = AccentColor;
				CODE_SIGN_STYLE = Automatic;
				CURRENT_PROJECT_VERSION = 1;
				DEVELOPMENT_ASSET_PATHS = "\"WordReferenceApp/Preview Content\"";
				DEVELOPMENT_TEAM = CGYP29PTH8;
				ENABLE_PREVIEWS = YES;
				GENERATE_INFOPLIST_FILE = YES;
				INFOPLIST_KEY_UIApplicationSceneManifest_Generation = YES;
				INFOPLIST_KEY_UIApplicationSupportsIndirectInputEvents = YES;
				INFOPLIST_KEY_UILaunchScreen_Generation = YES;
				INFOPLIST_KEY_UISupportedInterfaceOrientations_iPad = "UIInterfaceOrientationPortrait UIInterfaceOrientationPortraitUpsideDown UIInterfaceOrientationLandscapeLeft UIInterfaceOrientationLandscapeRight";
				INFOPLIST_KEY_UISupportedInterfaceOrientations_iPhone = "UIInterfaceOrientationPortrait UIInterfaceOrientationLandscapeLeft UIInterfaceOrientationLandscapeRight";
				LD_RUNPATH_SEARCH_PATHS = (
					"$(inherited)",
					"@executable_path/Frameworks",
				);
				MARKETING_VERSION = 1.0;
				PRODUCT_BUNDLE_IDENTIFIER = chiara.WordReferenceApp;
				PRODUCT_NAME = "$(TARGET_NAME)";
				SWIFT_EMIT_LOC_STRINGS = YES;
				SWIFT_VERSION = 5.0;
				TARGETED_DEVICE_FAMILY = "1,2";
			};
			name = Debug;
		};
		F81BF602276A4646005FB0CB /* Release */ = {
			isa = XCBuildConfiguration;
			buildSettings = {
				ASSETCATALOG_COMPILER_APPICON_NAME = AppIcon;
				ASSETCATALOG_COMPILER_GLOBAL_ACCENT_COLOR_NAME = AccentColor;
				CODE_SIGN_STYLE = Automatic;
				CURRENT_PROJECT_VERSION = 1;
				DEVELOPMENT_ASSET_PATHS = "\"WordReferenceApp/Preview Content\"";
				DEVELOPMENT_TEAM = CGYP29PTH8;
				ENABLE_PREVIEWS = YES;
				GENERATE_INFOPLIST_FILE = YES;
				INFOPLIST_KEY_UIApplicationSceneManifest_Generation = YES;
				INFOPLIST_KEY_UIApplicationSupportsIndirectInputEvents = YES;
				INFOPLIST_KEY_UILaunchScreen_Generation = YES;
				INFOPLIST_KEY_UISupportedInterfaceOrientations_iPad = "UIInterfaceOrientationPortrait UIInterfaceOrientationPortraitUpsideDown UIInterfaceOrientationLandscapeLeft UIInterfaceOrientationLandscapeRight";
				INFOPLIST_KEY_UISupportedInterfaceOrientations_iPhone = "UIInterfaceOrientationPortrait UIInterfaceOrientationLandscapeLeft UIInterfaceOrientationLandscapeRight";
				LD_RUNPATH_SEARCH_PATHS = (
					"$(inherited)",
					"@executable_path/Frameworks",
				);
				MARKETING_VERSION = 1.0;
				PRODUCT_BUNDLE_IDENTIFIER = chiara.WordReferenceApp;
				PRODUCT_NAME = "$(TARGET_NAME)";
				SWIFT_EMIT_LOC_STRINGS = YES;
				SWIFT_VERSION = 5.0;
				TARGETED_DEVICE_FAMILY = "1,2";
			};
			name = Release;
		};
		F81BF604276A4646005FB0CB /* Debug */ = {
			isa = XCBuildConfiguration;
			buildSettings = {
				ALWAYS_EMBED_SWIFT_STANDARD_LIBRARIES = YES;
				BUNDLE_LOADER = "$(TEST_HOST)";
				CODE_SIGN_STYLE = Automatic;
				CURRENT_PROJECT_VERSION = 1;
				DEVELOPMENT_TEAM = CGYP29PTH8;
				GENERATE_INFOPLIST_FILE = YES;
				IPHONEOS_DEPLOYMENT_TARGET = 15.0;
				LD_RUNPATH_SEARCH_PATHS = (
					"$(inherited)",
					"@executable_path/Frameworks",
					"@loader_path/Frameworks",
				);
				MARKETING_VERSION = 1.0;
				PRODUCT_BUNDLE_IDENTIFIER = chiara.WordReferenceAppTests;
				PRODUCT_NAME = "$(TARGET_NAME)";
				SWIFT_EMIT_LOC_STRINGS = NO;
				SWIFT_VERSION = 5.0;
				TARGETED_DEVICE_FAMILY = "1,2";
				TEST_HOST = "$(BUILT_PRODUCTS_DIR)/WordReferenceApp.app/WordReferenceApp";
			};
			name = Debug;
		};
		F81BF605276A4646005FB0CB /* Release */ = {
			isa = XCBuildConfiguration;
			buildSettings = {
				ALWAYS_EMBED_SWIFT_STANDARD_LIBRARIES = YES;
				BUNDLE_LOADER = "$(TEST_HOST)";
				CODE_SIGN_STYLE = Automatic;
				CURRENT_PROJECT_VERSION = 1;
				DEVELOPMENT_TEAM = CGYP29PTH8;
				GENERATE_INFOPLIST_FILE = YES;
				IPHONEOS_DEPLOYMENT_TARGET = 15.0;
				LD_RUNPATH_SEARCH_PATHS = (
					"$(inherited)",
					"@executable_path/Frameworks",
					"@loader_path/Frameworks",
				);
				MARKETING_VERSION = 1.0;
				PRODUCT_BUNDLE_IDENTIFIER = chiara.WordReferenceAppTests;
				PRODUCT_NAME = "$(TARGET_NAME)";
				SWIFT_EMIT_LOC_STRINGS = NO;
				SWIFT_VERSION = 5.0;
				TARGETED_DEVICE_FAMILY = "1,2";
				TEST_HOST = "$(BUILT_PRODUCTS_DIR)/WordReferenceApp.app/WordReferenceApp";
			};
			name = Release;
		};
		F81BF607276A4646005FB0CB /* Debug */ = {
			isa = XCBuildConfiguration;
			buildSettings = {
				ALWAYS_EMBED_SWIFT_STANDARD_LIBRARIES = YES;
				CODE_SIGN_STYLE = Automatic;
				CURRENT_PROJECT_VERSION = 1;
				DEVELOPMENT_TEAM = CGYP29PTH8;
				GENERATE_INFOPLIST_FILE = YES;
				LD_RUNPATH_SEARCH_PATHS = (
					"$(inherited)",
					"@executable_path/Frameworks",
					"@loader_path/Frameworks",
				);
				MARKETING_VERSION = 1.0;
				PRODUCT_BUNDLE_IDENTIFIER = chiara.WordReferenceAppUITests;
				PRODUCT_NAME = "$(TARGET_NAME)";
				SWIFT_EMIT_LOC_STRINGS = NO;
				SWIFT_VERSION = 5.0;
				TARGETED_DEVICE_FAMILY = "1,2";
				TEST_TARGET_NAME = WordReferenceApp;
			};
			name = Debug;
		};
		F81BF608276A4646005FB0CB /* Release */ = {
			isa = XCBuildConfiguration;
			buildSettings = {
				ALWAYS_EMBED_SWIFT_STANDARD_LIBRARIES = YES;
				CODE_SIGN_STYLE = Automatic;
				CURRENT_PROJECT_VERSION = 1;
				DEVELOPMENT_TEAM = CGYP29PTH8;
				GENERATE_INFOPLIST_FILE = YES;
				LD_RUNPATH_SEARCH_PATHS = (
					"$(inherited)",
					"@executable_path/Frameworks",
					"@loader_path/Frameworks",
				);
				MARKETING_VERSION = 1.0;
				PRODUCT_BUNDLE_IDENTIFIER = chiara.WordReferenceAppUITests;
				PRODUCT_NAME = "$(TARGET_NAME)";
				SWIFT_EMIT_LOC_STRINGS = NO;
				SWIFT_VERSION = 5.0;
				TARGETED_DEVICE_FAMILY = "1,2";
				TEST_TARGET_NAME = WordReferenceApp;
			};
			name = Release;
		};
/* End XCBuildConfiguration section */

/* Begin XCConfigurationList section */
		F81BF5D7276A4643005FB0CB /* Build configuration list for PBXProject "WordReferenceApp" */ = {
			isa = XCConfigurationList;
			buildConfigurations = (
				F81BF5FE276A4646005FB0CB /* Debug */,
				F81BF5FF276A4646005FB0CB /* Release */,
			);
			defaultConfigurationIsVisible = 0;
			defaultConfigurationName = Release;
		};
		F81BF600276A4646005FB0CB /* Build configuration list for PBXNativeTarget "WordReferenceApp" */ = {
			isa = XCConfigurationList;
			buildConfigurations = (
				F81BF601276A4646005FB0CB /* Debug */,
				F81BF602276A4646005FB0CB /* Release */,
			);
			defaultConfigurationIsVisible = 0;
			defaultConfigurationName = Release;
		};
		F81BF603276A4646005FB0CB /* Build configuration list for PBXNativeTarget "WordReferenceAppTests" */ = {
			isa = XCConfigurationList;
			buildConfigurations = (
				F81BF604276A4646005FB0CB /* Debug */,
				F81BF605276A4646005FB0CB /* Release */,
			);
			defaultConfigurationIsVisible = 0;
			defaultConfigurationName = Release;
		};
		F81BF606276A4646005FB0CB /* Build configuration list for PBXNativeTarget "WordReferenceAppUITests" */ = {
			isa = XCConfigurationList;
			buildConfigurations = (
				F81BF607276A4646005FB0CB /* Debug */,
				F81BF608276A4646005FB0CB /* Release */,
			);
			defaultConfigurationIsVisible = 0;
			defaultConfigurationName = Release;
		};
/* End XCConfigurationList section */
	};
	rootObject = F81BF5D4276A4643005FB0CB /* Project object */;
}
